{
  "name": "demo.allennlp",
  "version": "1.0.0",
  "lockfileVersion": 1,
  "requires": true,
  "dependencies": {
    "@babel/runtime": {
      "version": "7.15.3",
      "resolved": "https://registry.npmjs.org/@babel/runtime/-/runtime-7.15.3.tgz",
      "integrity": "sha512-OvwMLqNXkCXSz1kSm58sEsNuhqOx/fKpnUnKnFB5v8uDda5bLNEHNgKPvhDN6IU0LDcnHQ90LlJ0Q6jnyBSIBA==",
      "dev": true,
      "requires": {
        "regenerator-runtime": "^0.13.4"
      }
    },
    "@popperjs/core": {
      "version": "2.9.3",
      "resolved": "https://registry.npmjs.org/@popperjs/core/-/core-2.9.3.tgz",
      "integrity": "sha512-xDu17cEfh7Kid/d95kB6tZsLOmSWKCZKtprnhVepjsSaCij+lM3mItSJDuuHDMbCWTh8Ejmebwb+KONcCJ0eXQ==",
      "dev": true
    },
    "@restart/context": {
      "version": "2.1.4",
      "resolved": "https://registry.npmjs.org/@restart/context/-/context-2.1.4.tgz",
      "integrity": "sha512-INJYZQJP7g+IoDUh/475NlGiTeMfwTXUEr3tmRneckHIxNolGOW9CTq83S8cxq0CgJwwcMzMJFchxvlwe7Rk8Q==",
      "dev": true
    },
    "@restart/hooks": {
      "version": "0.3.27",
      "resolved": "https://registry.npmjs.org/@restart/hooks/-/hooks-0.3.27.tgz",
      "integrity": "sha512-s984xV/EapUIfkjlf8wz9weP2O9TNKR96C68FfMEy2bE69+H4cNv3RD4Mf97lW7Htt7PjZrYTjSC8f3SB9VCXw==",
      "dev": true,
      "requires": {
        "dequal": "^2.0.2"
      }
    },
    "@types/invariant": {
      "version": "2.2.35",
      "resolved": "https://registry.npmjs.org/@types/invariant/-/invariant-2.2.35.tgz",
      "integrity": "sha512-DxX1V9P8zdJPYQat1gHyY0xj3efl8gnMVjiM9iCY6y27lj+PoQWkgjt8jDqmovPqULkKVpKRg8J36iQiA+EtEg==",
      "dev": true
    },
    "@types/prop-types": {
      "version": "15.7.4",
      "resolved": "https://registry.npmjs.org/@types/prop-types/-/prop-types-15.7.4.tgz",
      "integrity": "sha512-rZ5drC/jWjrArrS8BR6SIr4cWpW09RNTYt9AMZo3Jwwif+iacXAqgVjm0B0Bv/S1jhDXKHqRVNCbACkJ89RAnQ==",
      "dev": true
    },
    "@types/react-paginate": {
      "version": "7.1.1",
      "resolved": "https://registry.npmjs.org/@types/react-paginate/-/react-paginate-7.1.1.tgz",
      "integrity": "sha512-94cEJHfBaINba2XGQOWFJF/tYe+AImIhOPqMCfqyeFOgk0qUpDZyDOOW76A1rgdtWndR8UwsMPgV/uuTM8vZ7w==",
      "dev": true,
      "requires": {
        "@types/react": "*"
      },
      "dependencies": {
        "@types/react": {
          "version": "17.0.19",
          "resolved": "https://registry.npmjs.org/@types/react/-/react-17.0.19.tgz",
          "integrity": "sha512-sX1HisdB1/ZESixMTGnMxH9TDe8Sk709734fEQZzCV/4lSu9kJCPbo2PbTRoZM+53Pp0P10hYVyReUueGwUi4A==",
          "dev": true,
          "requires": {
            "@types/prop-types": "*",
            "@types/scheduler": "*",
            "csstype": "^3.0.2"
          }
        }
      }
    },
    "@types/react-transition-group": {
      "version": "4.4.2",
      "resolved": "https://registry.npmjs.org/@types/react-transition-group/-/react-transition-group-4.4.2.tgz",
      "integrity": "sha512-KibDWL6nshuOJ0fu8ll7QnV/LVTo3PzQ9aCPnRUYPfX7eZohHwLIdNHj7pftanREzHNP4/nJa8oeM73uSiavMQ==",
      "dev": true,
      "requires": {
        "@types/react": "*"
      },
      "dependencies": {
        "@types/react": {
          "version": "17.0.19",
          "resolved": "https://registry.npmjs.org/@types/react/-/react-17.0.19.tgz",
          "integrity": "sha512-sX1HisdB1/ZESixMTGnMxH9TDe8Sk709734fEQZzCV/4lSu9kJCPbo2PbTRoZM+53Pp0P10hYVyReUueGwUi4A==",
          "dev": true,
          "requires": {
            "@types/prop-types": "*",
            "@types/scheduler": "*",
            "csstype": "^3.0.2"
          }
        }
      }
    },
    "@types/scheduler": {
      "version": "0.16.2",
      "resolved": "https://registry.npmjs.org/@types/scheduler/-/scheduler-0.16.2.tgz",
      "integrity": "sha512-hppQEBDmlwhFAXKJX2KnWLYu5yMfi91yazPb2l+lbJiwW+wdo1gNeRA+3RgNSO39WYX2euey41KEwnqesU2Jew==",
      "dev": true
    },
    "@types/warning": {
      "version": "3.0.0",
      "resolved": "https://registry.npmjs.org/@types/warning/-/warning-3.0.0.tgz",
      "integrity": "sha1-DSUBJorY+ZYrdA04fEZU9fjiPlI=",
      "dev": true
    },
    "attr-accept": {
      "version": "2.2.2",
      "resolved": "https://registry.npmjs.org/attr-accept/-/attr-accept-2.2.2.tgz",
      "integrity": "sha512-7prDjvt9HmqiZ0cl5CRjtS84sEyhsHP2coDkaZKRKVfCDo9s7iw7ChVmar78Gu9pC4SoR/28wFu/G5JJhTnqEg=="
    },
    "blacklist": {
      "version": "1.1.4",
      "resolved": "https://registry.npmjs.org/blacklist/-/blacklist-1.1.4.tgz",
      "integrity": "sha1-st0J1hd2JbLKppg1o3somV+povI="
    },
    "bootstrap": {
      "version": "5.1.0",
      "resolved": "https://registry.npmjs.org/bootstrap/-/bootstrap-5.1.0.tgz",
      "integrity": "sha512-bs74WNI9BgBo3cEovmdMHikSKoXnDgA6VQjJ7TyTotU6L7d41ZyCEEelPwkYEzsG/Zjv3ie9IE3EMAje0W9Xew==",
      "dev": true
    },
    "classnames": {
      "version": "2.3.1",
      "resolved": "https://registry.npmjs.org/classnames/-/classnames-2.3.1.tgz",
      "integrity": "sha512-OlQdbZ7gLfGarSqxesMesDa5uz7KFbID8Kpq/SxIoNGDqY8lSYs0D+hhtBXhcdB3rcbXArFr7vlHheLk1voeNA==",
      "dev": true
    },
    "core-util-is": {
      "version": "1.0.2",
      "resolved": "https://registry.npmjs.org/core-util-is/-/core-util-is-1.0.2.tgz",
      "integrity": "sha1-tf1UIgqivFq1eqtxQMlAdUUDwac="
    },
    "create-react-class": {
      "version": "15.7.0",
      "resolved": "https://registry.npmjs.org/create-react-class/-/create-react-class-15.7.0.tgz",
      "integrity": "sha512-QZv4sFWG9S5RUvkTYWbflxeZX+JG7Cz0Tn33rQBJ+WFQTqTfUTjMjiv9tnfXazjsO5r0KhPs+AqCjyrQX6h2ng==",
      "requires": {
        "loose-envify": "^1.3.1",
        "object-assign": "^4.1.1"
      }
    },
    "csstype": {
      "version": "3.0.8",
      "resolved": "https://registry.npmjs.org/csstype/-/csstype-3.0.8.tgz",
      "integrity": "sha512-jXKhWqXPmlUeoQnF/EhTtTl4C9SnrxSH/jZUih3jmO6lBKr99rP3/+FmrMj4EFpOXzMtXHAZkd3x0E6h6Fgflw==",
      "dev": true
    },
    "dequal": {
      "version": "2.0.2",
      "resolved": "https://registry.npmjs.org/dequal/-/dequal-2.0.2.tgz",
      "integrity": "sha512-q9K8BlJVxK7hQYqa6XISGmBZbtQQWVXSrRrWreHC94rMt1QL/Impruc+7p2CYSYuVIUr+YCt6hjrs1kkdJRTug==",
      "dev": true
    },
    "dom-helpers": {
      "version": "5.2.1",
      "resolved": "https://registry.npmjs.org/dom-helpers/-/dom-helpers-5.2.1.tgz",
      "integrity": "sha512-nRCa7CK3VTrM2NmGkIy4cbK7IZlgBE/PYMn55rrXefr5xXDP0LdtfPnblFDoVdcAfslJ7or6iqAUnx0CCGIWQA==",
      "dev": true,
      "requires": {
        "@babel/runtime": "^7.8.7",
        "csstype": "^3.0.2"
      }
    },
    "escape-string-regexp": {
      "version": "1.0.5",
      "resolved": "https://registry.npmjs.org/escape-string-regexp/-/escape-string-regexp-1.0.5.tgz",
      "integrity": "sha1-G2HAViGQqN/2rjuyzwIAyhMLhtQ="
    },
    "file-selector": {
      "version": "0.2.4",
      "resolved": "https://registry.npmjs.org/file-selector/-/file-selector-0.2.4.tgz",
      "integrity": "sha512-ZDsQNbrv6qRi1YTDOEWzf5J2KjZ9KMI1Q2SGeTkCJmNNW25Jg4TW4UMcmoqcg4WrAyKRcpBXdbWRxkfrOzVRbA==",
      "requires": {
        "tslib": "^2.0.3"
      }
    },
    "highlight-words-core": {
      "version": "1.2.2",
      "resolved": "https://registry.npmjs.org/highlight-words-core/-/highlight-words-core-1.2.2.tgz",
      "integrity": "sha512-BXUKIkUuh6cmmxzi5OIbUJxrG8OAk2MqoL1DtO3Wo9D2faJg2ph5ntyuQeLqaHJmzER6H5tllCDA9ZnNe9BVGg=="
    },
    "immediate": {
      "version": "3.0.6",
      "resolved": "https://registry.npmjs.org/immediate/-/immediate-3.0.6.tgz",
      "integrity": "sha1-nbHb0Pr43m++D13V5Wu2BigN5ps="
    },
    "inherits": {
      "version": "2.0.4",
      "resolved": "https://registry.npmjs.org/inherits/-/inherits-2.0.4.tgz",
      "integrity": "sha512-k/vGaX4/Yla3WzyMCvTQOXYeIHvqOKtnqBduzTHpzpQZzAskKMhZ2K+EnBiSM9zGSoIFeMpXKxa4dYeZIQqewQ=="
    },
    "invariant": {
      "version": "2.2.4",
      "resolved": "https://registry.npmjs.org/invariant/-/invariant-2.2.4.tgz",
      "integrity": "sha512-phJfQVBuaJM5raOpJjSfkiD6BpbCE4Ns//LaXl6wGYtUBY83nWS6Rf9tXm2e8VaK60JEjYldbPif/A2B1C2gNA==",
      "dev": true,
      "requires": {
        "loose-envify": "^1.0.0"
      }
    },
    "isarray": {
      "version": "1.0.0",
      "resolved": "https://registry.npmjs.org/isarray/-/isarray-1.0.0.tgz",
      "integrity": "sha1-u5NdSFgsuhaMBoNJV6VKPgcSTxE="
    },
    "js-tokens": {
      "version": "4.0.0",
      "resolved": "https://registry.npmjs.org/js-tokens/-/js-tokens-4.0.0.tgz",
      "integrity": "sha512-RdJUflcE3cUzKiMqQgsCu06FPu9UdIJO0beYbPhHN4k6apgJtifcoCtT9bcxOpYBtpD2kCM6Sbzg4CausW/PKQ=="
    },
    "jszip": {
      "version": "3.7.1",
      "resolved": "https://registry.npmjs.org/jszip/-/jszip-3.7.1.tgz",
      "integrity": "sha512-ghL0tz1XG9ZEmRMcEN2vt7xabrDdqHHeykgARpmZ0BiIctWxM47Vt63ZO2dnp4QYt/xJVLLy5Zv1l/xRdh2byg==",
      "requires": {
        "lie": "~3.3.0",
        "pako": "~1.0.2",
        "readable-stream": "~2.3.6",
        "set-immediate-shim": "~1.0.1"
      }
    },
    "lie": {
      "version": "3.3.0",
      "resolved": "https://registry.npmjs.org/lie/-/lie-3.3.0.tgz",
      "integrity": "sha512-UaiMJzeWRlEujzAuw5LokY1L5ecNQYZKfmyZ9L7wDHb/p5etKaxXhohBcrw0EYby+G/NA52vRSN4N39dxHAIwQ==",
      "requires": {
        "immediate": "~3.0.5"
      }
    },
    "loose-envify": {
      "version": "1.4.0",
      "resolved": "https://registry.npmjs.org/loose-envify/-/loose-envify-1.4.0.tgz",
      "integrity": "sha512-lyuxPGr/Wfhrlem2CL/UcnUc1zcqKAImBDzukY7Y5F/yQiNdko6+fRLevlw1HgMySw7f611UIY408EtxRSoK3Q==",
      "requires": {
        "js-tokens": "^3.0.0 || ^4.0.0"
      }
    },
    "memoize-one": {
      "version": "4.0.3",
      "resolved": "https://registry.npmjs.org/memoize-one/-/memoize-one-4.0.3.tgz",
      "integrity": "sha512-QmpUu4KqDmX0plH4u+tf0riMc1KHE1+lw95cMrLlXQAFOx/xnBtwhZ52XJxd9X2O6kwKBqX32kmhbhlobD0cuw=="
    },
    "object-assign": {
      "version": "4.1.1",
      "resolved": "https://registry.npmjs.org/object-assign/-/object-assign-4.1.1.tgz",
      "integrity": "sha1-IQmtx5ZYh8/AXLvUQsrIv7s2CGM="
    },
    "pako": {
      "version": "1.0.11",
      "resolved": "https://registry.npmjs.org/pako/-/pako-1.0.11.tgz",
      "integrity": "sha512-4hLB8Py4zZce5s4yd9XzopqwVv/yGNhV1Bl8NTmCq1763HeK2+EwVTv+leGeL13Dnh2wfbqowVPXCIO0z4taYw=="
    },
    "process-nextick-args": {
      "version": "2.0.1",
      "resolved": "https://registry.npmjs.org/process-nextick-args/-/process-nextick-args-2.0.1.tgz",
      "integrity": "sha512-3ouUOpQhtgrbOa17J7+uxOTpITYWaGP7/AhoR3+A+/1e9skrzelGi/dXzEYyvbxubEF6Wn2ypscTKiKJFFn1ag=="
    },
    "prop-types": {
      "version": "15.7.2",
      "resolved": "https://registry.npmjs.org/prop-types/-/prop-types-15.7.2.tgz",
      "integrity": "sha512-8QQikdH7//R2vurIJSutZ1smHYTcLpRWEOlHnzcWHmBYrOGUysKwSsrC89BCiFj3CbrfJ/nXFdJepOVrY1GCHQ==",
      "requires": {
        "loose-envify": "^1.4.0",
        "object-assign": "^4.1.1",
        "react-is": "^16.8.1"
      },
      "dependencies": {
        "react-is": {
          "version": "16.13.1",
          "resolved": "https://registry.npmjs.org/react-is/-/react-is-16.13.1.tgz",
          "integrity": "sha512-24e6ynE2H+OKt4kqsOvNd8kBpV65zoxbA4BVsEOB3ARVWQki/DHzaUoC5KuON/BiccDaCCTZBuOcfZs70kR8bQ=="
        }
      }
    },
    "prop-types-extra": {
      "version": "1.1.1",
      "resolved": "https://registry.npmjs.org/prop-types-extra/-/prop-types-extra-1.1.1.tgz",
      "integrity": "sha512-59+AHNnHYCdiC+vMwY52WmvP5dM3QLeoumYuEyceQDi9aEhtwN9zIQ2ZNo25sMyXnbh32h+P1ezDsUpUH3JAew==",
      "dev": true,
      "requires": {
        "react-is": "^16.3.2",
        "warning": "^4.0.0"
      },
      "dependencies": {
        "react-is": {
          "version": "16.13.1",
          "resolved": "https://registry.npmjs.org/react-is/-/react-is-16.13.1.tgz",
          "integrity": "sha512-24e6ynE2H+OKt4kqsOvNd8kBpV65zoxbA4BVsEOB3ARVWQki/DHzaUoC5KuON/BiccDaCCTZBuOcfZs70kR8bQ==",
          "dev": true
        }
      }
    },
    "react-bootstrap": {
      "version": "1.6.1",
      "resolved": "https://registry.npmjs.org/react-bootstrap/-/react-bootstrap-1.6.1.tgz",
      "integrity": "sha512-ojEPQ6OtyIMdLg0Smofk+85PKN6MLKQX3bU0Vwmok/4yNa8DQ2vCGhO2IgHJvT+ERQZ4X+gAQcdn6msAHSwLBg==",
      "dev": true,
      "requires": {
        "@babel/runtime": "^7.14.0",
        "@restart/context": "^2.1.4",
        "@restart/hooks": "^0.3.26",
        "@types/invariant": "^2.2.33",
        "@types/prop-types": "^15.7.3",
        "@types/react": ">=16.14.8",
        "@types/react-transition-group": "^4.4.1",
        "@types/warning": "^3.0.0",
        "classnames": "^2.3.1",
        "dom-helpers": "^5.2.1",
        "invariant": "^2.2.4",
        "prop-types": "^15.7.2",
        "prop-types-extra": "^1.1.0",
        "react-overlays": "^5.0.1",
        "react-transition-group": "^4.4.1",
        "uncontrollable": "^7.2.1",
        "warning": "^4.0.3"
      },
      "dependencies": {
        "@types/react": {
          "version": "17.0.19",
          "resolved": "https://registry.npmjs.org/@types/react/-/react-17.0.19.tgz",
          "integrity": "sha512-sX1HisdB1/ZESixMTGnMxH9TDe8Sk709734fEQZzCV/4lSu9kJCPbo2PbTRoZM+53Pp0P10hYVyReUueGwUi4A==",
          "dev": true,
          "requires": {
            "@types/prop-types": "*",
            "@types/scheduler": "*",
            "csstype": "^3.0.2"
          }
        }
      }
    },
    "react-dropzone": {
      "version": "11.3.4",
      "resolved": "https://registry.npmjs.org/react-dropzone/-/react-dropzone-11.3.4.tgz",
      "integrity": "sha512-B1nzNRZ4F1cnrfEC0T6KXeBN1mCPinu4JCoTrp7NjB+442KSPxqfDrw41QIA2kAwlYs1+wj/0BTedeM5hc2+xw==",
      "requires": {
        "attr-accept": "^2.2.1",
        "file-selector": "^0.2.2",
        "prop-types": "^15.7.2"
      }
    },
    "react-dropzone-uploader": {
      "version": "2.11.0",
      "resolved": "https://registry.npmjs.org/react-dropzone-uploader/-/react-dropzone-uploader-2.11.0.tgz",
      "integrity": "sha512-1DpdPMGKP7vYL5SeCh13HCl+Xrz0F6jGrDPU5Tj2ojEIXGMCtfflrZhyXdr7u40IkQ+hYjAUEEtJW24SiY8WRA==",
      "dev": true,
      "requires": {
        "@babel/runtime": "^7.1.2"
      }
    },
    "react-highlight-words": {
      "version": "0.17.0",
      "resolved": "https://registry.npmjs.org/react-highlight-words/-/react-highlight-words-0.17.0.tgz",
      "integrity": "sha512-uX1Qh5IGjnLuJT0Zok234QDwRC8h4hcVMnB99Cb7aquB1NlPPDiWKm0XpSZOTdSactvnClCk8LOmVlP+75dgHA==",
      "requires": {
        "highlight-words-core": "^1.2.0",
        "memoize-one": "^4.0.0",
        "prop-types": "^15.5.8"
      }
    },
    "react-highlighter": {
      "version": "0.4.3",
      "resolved": "https://registry.npmjs.org/react-highlighter/-/react-highlighter-0.4.3.tgz",
      "integrity": "sha512-dwItRaGRHBceuzZd5NXeroapdmZ2JCAWZ3AdwdthRlSkdtPCY18DWrd6mPmiMCfSB6lgVwwCPQl4unZzG5sXXw==",
      "requires": {
        "blacklist": "^1.1.4",
        "create-react-class": "^15.6.2",
        "escape-string-regexp": "^1.0.5",
        "prop-types": "^15.6.0"
      }
    },
    "react-lifecycles-compat": {
      "version": "3.0.4",
      "resolved": "https://registry.npmjs.org/react-lifecycles-compat/-/react-lifecycles-compat-3.0.4.tgz",
      "integrity": "sha512-fBASbA6LnOU9dOU2eW7aQ8xmYBSXUIWr+UmF9b1efZBazGNO+rcXT/icdKnYm2pTwcRylVUYwW7H1PHfLekVzA==",
      "dev": true
    },
    "react-overlays": {
      "version": "5.1.1",
      "resolved": "https://registry.npmjs.org/react-overlays/-/react-overlays-5.1.1.tgz",
      "integrity": "sha512-eCN2s2/+GVZzpnId4XVWtvDPYYBD2EtOGP74hE+8yDskPzFy9+pV1H3ZZihxuRdEbQzzacySaaDkR7xE0ydl4Q==",
      "dev": true,
      "requires": {
        "@babel/runtime": "^7.13.8",
        "@popperjs/core": "^2.8.6",
        "@restart/hooks": "^0.3.26",
        "@types/warning": "^3.0.0",
        "dom-helpers": "^5.2.0",
        "prop-types": "^15.7.2",
        "uncontrollable": "^7.2.1",
        "warning": "^4.0.3"
      }
    },
    "react-paginate": {
      "version": "7.1.3",
      "resolved": "https://registry.npmjs.org/react-paginate/-/react-paginate-7.1.3.tgz",
      "integrity": "sha512-cHTXXE90Z3DlKSJiIQFzAcWoIFs9mq6r1/+rQF099NPvdJpbR8f6E/ES32tlUw4qe1R6qWLOrPZYhvAy4UgHLA==",
      "dev": true,
      "requires": {
        "prop-types": "^15.6.1"
      }
    },
    "react-transition-group": {
      "version": "4.4.2",
      "resolved": "https://registry.npmjs.org/react-transition-group/-/react-transition-group-4.4.2.tgz",
      "integrity": "sha512-/RNYfRAMlZwDSr6z4zNKV6xu53/e2BuaBbGhbyYIXTrmgu/bGHzmqOs7mJSJBHy9Ud+ApHx3QjrkKSp1pxvlFg==",
      "dev": true,
      "requires": {
        "@babel/runtime": "^7.5.5",
        "dom-helpers": "^5.0.1",
        "loose-envify": "^1.4.0",
        "prop-types": "^15.6.2"
      }
    },
    "readable-stream": {
      "version": "2.3.7",
      "resolved": "https://registry.npmjs.org/readable-stream/-/readable-stream-2.3.7.tgz",
      "integrity": "sha512-Ebho8K4jIbHAxnuxi7o42OrZgF/ZTNcsZj6nRKyUmkhLFq8CHItp/fy6hQZuZmP/n3yZ9VBUbp4zz/mX8hmYPw==",
      "requires": {
        "core-util-is": "~1.0.0",
        "inherits": "~2.0.3",
        "isarray": "~1.0.0",
        "process-nextick-args": "~2.0.0",
        "safe-buffer": "~5.1.1",
        "string_decoder": "~1.1.1",
        "util-deprecate": "~1.0.1"
      }
    },
    "regenerator-runtime": {
      "version": "0.13.9",
      "resolved": "https://registry.npmjs.org/regenerator-runtime/-/regenerator-runtime-0.13.9.tgz",
      "integrity": "sha512-p3VT+cOEgxFsRRA9X4lkI1E+k2/CtnKtU4gcxyaCUreilL/vqI6CdZ3wxVUx3UOUg+gnUOQQcRI7BmSI656MYA==",
      "dev": true
    },
    "safe-buffer": {
      "version": "5.1.2",
      "resolved": "https://registry.npmjs.org/safe-buffer/-/safe-buffer-5.1.2.tgz",
      "integrity": "sha512-Gd2UZBJDkXlY7GbJxfsE8/nvKkUEU1G38c1siN6QP6a9PT9MmHB8GnpscSmMJSoF8LOIrt8ud/wPtojys4G6+g=="
    },
    "set-immediate-shim": {
      "version": "1.0.1",
      "resolved": "https://registry.npmjs.org/set-immediate-shim/-/set-immediate-shim-1.0.1.tgz",
      "integrity": "sha1-SysbJ+uAip+NzEgaWOXlb1mfP2E="
    },
    "string_decoder": {
      "version": "1.1.1",
      "resolved": "https://registry.npmjs.org/string_decoder/-/string_decoder-1.1.1.tgz",
      "integrity": "sha512-n/ShnvDi6FHbbVfviro+WojiFzv+s8MPMHBczVePfUpDJLwoLT0ht1l4YwBCbi8pJAveEEdnkHyPyTP/mzRfwg==",
      "requires": {
        "safe-buffer": "~5.1.0"
      }
    },
    "tslib": {
      "version": "2.3.1",
      "resolved": "https://registry.npmjs.org/tslib/-/tslib-2.3.1.tgz",
      "integrity": "sha512-77EbyPPpMz+FRFRuAFlWMtmgUWGe9UOG2Z25NqCwiIjRhOf5iKGuzSe5P2w1laq+FkRy4p+PCuVkJSGkzTEKVw=="
    },
    "uncontrollable": {
      "version": "7.2.1",
      "resolved": "https://registry.npmjs.org/uncontrollable/-/uncontrollable-7.2.1.tgz",
      "integrity": "sha512-svtcfoTADIB0nT9nltgjujTi7BzVmwjZClOmskKu/E8FW9BXzg9os8OLr4f8Dlnk0rYWJIWr4wv9eKUXiQvQwQ==",
      "dev": true,
      "requires": {
        "@babel/runtime": "^7.6.3",
        "@types/react": ">=16.9.11",
        "invariant": "^2.2.4",
        "react-lifecycles-compat": "^3.0.4"
      },
      "dependencies": {
        "@types/react": {
          "version": "17.0.19",
          "resolved": "https://registry.npmjs.org/@types/react/-/react-17.0.19.tgz",
          "integrity": "sha512-sX1HisdB1/ZESixMTGnMxH9TDe8Sk709734fEQZzCV/4lSu9kJCPbo2PbTRoZM+53Pp0P10hYVyReUueGwUi4A==",
          "dev": true,
          "requires": {
            "@types/prop-types": "*",
            "@types/scheduler": "*",
            "csstype": "^3.0.2"
          }
        }
      }
    },
    "util-deprecate": {
      "version": "1.0.2",
      "resolved": "https://registry.npmjs.org/util-deprecate/-/util-deprecate-1.0.2.tgz",
      "integrity": "sha1-RQ1Nyfpw3nMnYvvS1KKJgUGaDM8="
    },
    "warning": {
      "version": "4.0.3",
      "resolved": "https://registry.npmjs.org/warning/-/warning-4.0.3.tgz",
      "integrity": "sha512-rpJyN222KWIvHJ/F53XSZv0Zl/accqHR8et1kpaMTD/fLCRxtV8iX8czMzY7sVZupTI3zcUTg8eycS2kNF9l6w==",
      "dev": true,
      "requires": {
        "loose-envify": "^1.0.0"
      }
    }
  }
}
